{
  "name": "client",
  "version": "1.0.0",
  "lockfileVersion": 2,
  "requires": true,
  "packages": {
    "": {
      "name": "client",
      "version": "1.0.0",
      "license": "ISC",
      "dependencies": {
        "saml": "^3.0.0"
      }
    },
    "node_modules/@xmldom/xmldom": {
      "version": "0.7.5",
      "resolved": "https://registry.npmjs.org/@xmldom/xmldom/-/xmldom-0.7.5.tgz",
      "integrity": "sha512-V3BIhmY36fXZ1OtVcI9W+FxQqxVLsPKcNjWigIaa81dLC9IolJl5Mt4Cvhmr0flUnjSpTdrbMTSbXqYqV5dT6A==",
      "engines": {
        "node": ">=10.0.0"
      }
    },
    "node_modules/async": {
      "version": "0.2.10",
      "resolved": "https://registry.npmjs.org/async/-/async-0.2.10.tgz",
      "integrity": "sha512-eAkdoKxU6/LkKDBzLpT+t6Ff5EtfSF4wx1WfJiPEEV7WNLnDaRXk0oVysiEPm262roaachGexwUv94WhSgN5TQ=="
    },
    "node_modules/escape-html": {
      "version": "1.0.3",
      "resolved": "https://registry.npmjs.org/escape-html/-/escape-html-1.0.3.tgz",
      "integrity": "sha512-NiSupZ4OeuGwr68lGIeym/ksIZMJodUGOSCZ/FSnTxcrekbvqrgdUxlJOMpijaKZVjAJrWrGs/6Jy8OMuyj9ow=="
    },
    "node_modules/moment": {
      "version": "2.19.3",
      "resolved": "https://registry.npmjs.org/moment/-/moment-2.19.3.tgz",
      "integrity": "sha512-SiZ1HUDMfBpfCzL1Hm1vxUFkYDbHx8/RiWBLF+5qoVWTlBGtR15+wVQB7eSD/0w3ueDxzojlX9LQtiKVpLMsFQ==",
      "engines": {
        "node": "*"
      }
    },
    "node_modules/saml": {
      "version": "3.0.0",
      "resolved": "https://registry.npmjs.org/saml/-/saml-3.0.0.tgz",
      "integrity": "sha512-n09Zvph32kDcGPCfsde2ggYzZKoAeVQjTpgo/+rXzbjwvD3fnA/I10p9McTfPYITNPzSxxO+o+G+T335z+u0nQ==",
      "dependencies": {
        "@xmldom/xmldom": "^0.7.4",
        "async": "~0.2.9",
        "moment": "2.19.3",
        "valid-url": "~1.0.9",
        "xml-crypto": "^2.1.3",
        "xml-encryption": "^2.0.0",
        "xml-name-validator": "~2.0.1",
        "xpath": "0.0.5"
      },
      "engines": {
        "node": ">=12"
      }
    },
    "node_modules/valid-url": {
      "version": "1.0.9",
      "resolved": "https://registry.npmjs.org/valid-url/-/valid-url-1.0.9.tgz",
      "integrity": "sha512-QQDsV8OnSf5Uc30CKSwG9lnhMPe6exHtTXLRYX8uMwKENy640pU+2BgBL0LRbDh/eYRahNCS7aewCx0wf3NYVA=="
    },
    "node_modules/xml-crypto": {
      "version": "2.1.4",
      "resolved": "https://registry.npmjs.org/xml-crypto/-/xml-crypto-2.1.4.tgz",
      "integrity": "sha512-ModFeGOy67L/XXHcuepnYGF7DASEDw7fhvy+qIs1ORoH55G1IIr+fN0kaMtttwvmNFFMskD9AHro8wx352/mUg==",
      "dependencies": {
        "@xmldom/xmldom": "^0.7.0",
        "xpath": "0.0.32"
      },
      "engines": {
        "node": ">=0.4.0"
      }
    },
    "node_modules/xml-crypto/node_modules/xpath": {
      "version": "0.0.32",
      "resolved": "https://registry.npmjs.org/xpath/-/xpath-0.0.32.tgz",
      "integrity": "sha512-rxMJhSIoiO8vXcWvSifKqhvV96GjiD5wYb8/QHdoRyQvraTpp4IEv944nhGausZZ3u7dhQXteZuZbaqfpB7uYw==",
      "engines": {
        "node": ">=0.6.0"
      }
    },
    "node_modules/xml-encryption": {
      "version": "2.0.0",
      "resolved": "https://registry.npmjs.org/xml-encryption/-/xml-encryption-2.0.0.tgz",
      "integrity": "sha512-4Av83DdvAgUQQMfi/w8G01aJshbEZP9ewjmZMpS9t3H+OCZBDvyK4GJPnHGfWiXlArnPbYvR58JB9qF2x9Ds+Q==",
      "dependencies": {
        "@xmldom/xmldom": "^0.7.0",
        "escape-html": "^1.0.3",
        "xpath": "0.0.32"
      },
      "engines": {
        "node": ">=12"
      }
    },
    "node_modules/xml-encryption/node_modules/xpath": {
      "version": "0.0.32",
      "resolved": "https://registry.npmjs.org/xpath/-/xpath-0.0.32.tgz",
      "integrity": "sha512-rxMJhSIoiO8vXcWvSifKqhvV96GjiD5wYb8/QHdoRyQvraTpp4IEv944nhGausZZ3u7dhQXteZuZbaqfpB7uYw==",
      "engines": {
        "node": ">=0.6.0"
      }
    },
    "node_modules/xml-name-validator": {
      "version": "2.0.1",
      "resolved": "https://registry.npmjs.org/xml-name-validator/-/xml-name-validator-2.0.1.tgz",
      "integrity": "sha512-jRKe/iQYMyVJpzPH+3HL97Lgu5HrCfii+qSo+TfjKHtOnvbnvdVfMYrn9Q34YV81M2e5sviJlI6Ko9y+nByzvA=="
    },
    "node_modules/xpath": {
      "version": "0.0.5",
      "resolved": "https://registry.npmjs.org/xpath/-/xpath-0.0.5.tgz",
      "integrity": "sha512-Y1Oyy8lyIDwWpmKIWBF0RZrQOP1fzE12G0ekSB1yzKPtbAdCI5sBCqBU/CAZUkKk81OXuq9tul/5lyNS+22iKg==",
      "engines": {
        "node": ">=0.6.0"
      }
    }
  },
  "dependencies": {
    "@xmldom/xmldom": {
      "version": "0.7.5",
      "resolved": "https://registry.npmjs.org/@xmldom/xmldom/-/xmldom-0.7.5.tgz",
      "integrity": "sha512-V3BIhmY36fXZ1OtVcI9W+FxQqxVLsPKcNjWigIaa81dLC9IolJl5Mt4Cvhmr0flUnjSpTdrbMTSbXqYqV5dT6A=="
    },
    "async": {
      "version": "0.2.10",
      "resolved": "https://registry.npmjs.org/async/-/async-0.2.10.tgz",
      "integrity": "sha512-eAkdoKxU6/LkKDBzLpT+t6Ff5EtfSF4wx1WfJiPEEV7WNLnDaRXk0oVysiEPm262roaachGexwUv94WhSgN5TQ=="
    },
    "escape-html": {
      "version": "1.0.3",
      "resolved": "https://registry.npmjs.org/escape-html/-/escape-html-1.0.3.tgz",
      "integrity": "sha512-NiSupZ4OeuGwr68lGIeym/ksIZMJodUGOSCZ/FSnTxcrekbvqrgdUxlJOMpijaKZVjAJrWrGs/6Jy8OMuyj9ow=="
    },
    "moment": {
      "version": "2.19.3",
      "resolved": "https://registry.npmjs.org/moment/-/moment-2.19.3.tgz",
      "integrity": "sha512-SiZ1HUDMfBpfCzL1Hm1vxUFkYDbHx8/RiWBLF+5qoVWTlBGtR15+wVQB7eSD/0w3ueDxzojlX9LQtiKVpLMsFQ=="
    },
    "saml": {
      "version": "3.0.0",
      "resolved": "https://registry.npmjs.org/saml/-/saml-3.0.0.tgz",
      "integrity": "sha512-n09Zvph32kDcGPCfsde2ggYzZKoAeVQjTpgo/+rXzbjwvD3fnA/I10p9McTfPYITNPzSxxO+o+G+T335z+u0nQ==",
      "requires": {
        "@xmldom/xmldom": "^0.7.4",
        "async": "~0.2.9",
        "moment": "2.19.3",
        "valid-url": "~1.0.9",
        "xml-crypto": "^2.1.3",
        "xml-encryption": "^2.0.0",
        "xml-name-validator": "~2.0.1",
        "xpath": "0.0.5"
      }
    },
    "valid-url": {
      "version": "1.0.9",
      "resolved": "https://registry.npmjs.org/valid-url/-/valid-url-1.0.9.tgz",
      "integrity": "sha512-QQDsV8OnSf5Uc30CKSwG9lnhMPe6exHtTXLRYX8uMwKENy640pU+2BgBL0LRbDh/eYRahNCS7aewCx0wf3NYVA=="
    },
    "xml-crypto": {
      "version": "2.1.4",
      "resolved": "https://registry.npmjs.org/xml-crypto/-/xml-crypto-2.1.4.tgz",
      "integrity": "sha512-ModFeGOy67L/XXHcuepnYGF7DASEDw7fhvy+qIs1ORoH55G1IIr+fN0kaMtttwvmNFFMskD9AHro8wx352/mUg==",
      "requires": {
        "@xmldom/xmldom": "^0.7.0",
        "xpath": "0.0.32"
      },
      "dependencies": {
        "xpath": {
          "version": "0.0.32",
          "resolved": "https://registry.npmjs.org/xpath/-/xpath-0.0.32.tgz",
          "integrity": "sha512-rxMJhSIoiO8vXcWvSifKqhvV96GjiD5wYb8/QHdoRyQvraTpp4IEv944nhGausZZ3u7dhQXteZuZbaqfpB7uYw=="
        }
      }
    },
    "xml-encryption": {
      "version": "2.0.0",
      "resolved": "https://registry.npmjs.org/xml-encryption/-/xml-encryption-2.0.0.tgz",
      "integrity": "sha512-4Av83DdvAgUQQMfi/w8G01aJshbEZP9ewjmZMpS9t3H+OCZBDvyK4GJPnHGfWiXlArnPbYvR58JB9qF2x9Ds+Q==",
      "requires": {
        "@xmldom/xmldom": "^0.7.0",
        "escape-html": "^1.0.3",
        "xpath": "0.0.32"
      },
      "dependencies": {
        "xpath": {
          "version": "0.0.32",
          "resolved": "https://registry.npmjs.org/xpath/-/xpath-0.0.32.tgz",
          "integrity": "sha512-rxMJhSIoiO8vXcWvSifKqhvV96GjiD5wYb8/QHdoRyQvraTpp4IEv944nhGausZZ3u7dhQXteZuZbaqfpB7uYw=="
        }
      }
    },
    "xml-name-validator": {
      "version": "2.0.1",
      "resolved": "https://registry.npmjs.org/xml-name-validator/-/xml-name-validator-2.0.1.tgz",
      "integrity": "sha512-jRKe/iQYMyVJpzPH+3HL97Lgu5HrCfii+qSo+TfjKHtOnvbnvdVfMYrn9Q34YV81M2e5sviJlI6Ko9y+nByzvA=="
    },
    "xpath": {
      "version": "0.0.5",
      "resolved": "https://registry.npmjs.org/xpath/-/xpath-0.0.5.tgz",
      "integrity": "sha512-Y1Oyy8lyIDwWpmKIWBF0RZrQOP1fzE12G0ekSB1yzKPtbAdCI5sBCqBU/CAZUkKk81OXuq9tul/5lyNS+22iKg=="
    }
  }
}
